// !$*UTF8*$!
{
	archiveVersion = 1;
	classes = {
	};
	objectVersion = 56;
	objects = {

/* Begin PBXBuildFile section */
		1837E5162A36B09300826A59 /* LandmarksApp.swift in Sources */ = {isa = PBXBuildFile; fileRef = 1837E5152A36B09300826A59 /* LandmarksApp.swift */; };
		1837E5182A36B09300826A59 /* ContentView.swift in Sources */ = {isa = PBXBuildFile; fileRef = 1837E5172A36B09300826A59 /* ContentView.swift */; };
		1837E51A2A36B09400826A59 /* Assets.xcassets in Resources */ = {isa = PBXBuildFile; fileRef = 1837E5192A36B09400826A59 /* Assets.xcassets */; };
		1837E51D2A36B09400826A59 /* Preview Assets.xcassets in Resources */ = {isa = PBXBuildFile; fileRef = 1837E51C2A36B09400826A59 /* Preview Assets.xcassets */; };
		1837E5242A36BA6300826A59 /* CircleImage.swift in Sources */ = {isa = PBXBuildFile; fileRef = 1837E5232A36BA6300826A59 /* CircleImage.swift */; };
		1837E5262A36CAD800826A59 /* MapView.swift in Sources */ = {isa = PBXBuildFile; fileRef = 1837E5252A36CAD800826A59 /* MapView.swift */; };
		1837E5372A36D24800826A59 /* LICENSE.txt in Resources */ = {isa = PBXBuildFile; fileRef = 1837E5292A36D24800826A59 /* LICENSE.txt */; };
		1837E5432A36D24800826A59 /* landmarkData.json in Resources */ = {isa = PBXBuildFile; fileRef = 1837E5362A36D24800826A59 /* landmarkData.json */; };
		1837E5452A36D2EF00826A59 /* Landmark.swift in Sources */ = {isa = PBXBuildFile; fileRef = 1837E5442A36D2EF00826A59 /* Landmark.swift */; };
		1837E5472A36D48F00826A59 /* ModelData.swift in Sources */ = {isa = PBXBuildFile; fileRef = 1837E5462A36D48F00826A59 /* ModelData.swift */; };
		1837E54B2A36D8A500826A59 /* LandmarkRow.swift in Sources */ = {isa = PBXBuildFile; fileRef = 1837E54A2A36D8A500826A59 /* LandmarkRow.swift */; };
		1837E54D2A36DE1100826A59 /* LandmarkList.swift in Sources */ = {isa = PBXBuildFile; fileRef = 1837E54C2A36DE1100826A59 /* LandmarkList.swift */; };
		1837E54F2A36DFB400826A59 /* LandmarkDetail.swift in Sources */ = {isa = PBXBuildFile; fileRef = 1837E54E2A36DFB400826A59 /* LandmarkDetail.swift */; };
		1875E91C2A36F87200C50741 /* FavoriteButton.swift in Sources */ = {isa = PBXBuildFile; fileRef = 1875E91B2A36F87200C50741 /* FavoriteButton.swift */; };
/* End PBXBuildFile section */

/* Begin PBXFileReference section */
		1837E5122A36B09300826A59 /* Landmarks.app */ = {isa = PBXFileReference; explicitFileType = wrapper.application; includeInIndex = 0; path = Landmarks.app; sourceTree = BUILT_PRODUCTS_DIR; };
		1837E5152A36B09300826A59 /* LandmarksApp.swift */ = {isa = PBXFileReference; lastKnownFileType = sourcecode.swift; path = LandmarksApp.swift; sourceTree = "<group>"; };
		1837E5172A36B09300826A59 /* ContentView.swift */ = {isa = PBXFileReference; lastKnownFileType = sourcecode.swift; path = ContentView.swift; sourceTree = "<group>"; };
		1837E5192A36B09400826A59 /* Assets.xcassets */ = {isa = PBXFileReference; lastKnownFileType = folder.assetcatalog; path = Assets.xcassets; sourceTree = "<group>"; };
		1837E51C2A36B09400826A59 /* Preview Assets.xcassets */ = {isa = PBXFileReference; lastKnownFileType = folder.assetcatalog; path = "Preview Assets.xcassets"; sourceTree = "<group>"; };
		1837E5232A36BA6300826A59 /* CircleImage.swift */ = {isa = PBXFileReference; lastKnownFileType = sourcecode.swift; path = CircleImage.swift; sourceTree = "<group>"; };
		1837E5252A36CAD800826A59 /* MapView.swift */ = {isa = PBXFileReference; lastKnownFileType = sourcecode.swift; path = MapView.swift; sourceTree = "<group>"; };
		1837E5292A36D24800826A59 /* LICENSE.txt */ = {isa = PBXFileReference; fileEncoding = 4; lastKnownFileType = text; path = LICENSE.txt; sourceTree = "<group>"; };
		1837E5362A36D24800826A59 /* landmarkData.json */ = {isa = PBXFileReference; fileEncoding = 4; lastKnownFileType = text.json; path = landmarkData.json; sourceTree = "<group>"; };
		1837E5442A36D2EF00826A59 /* Landmark.swift */ = {isa = PBXFileReference; lastKnownFileType = sourcecode.swift; path = Landmark.swift; sourceTree = "<group>"; };
		1837E5462A36D48F00826A59 /* ModelData.swift */ = {isa = PBXFileReference; lastKnownFileType = sourcecode.swift; path = ModelData.swift; sourceTree = "<group>"; };
		1837E54A2A36D8A500826A59 /* LandmarkRow.swift */ = {isa = PBXFileReference; lastKnownFileType = sourcecode.swift; path = LandmarkRow.swift; sourceTree = "<group>"; };
		1837E54C2A36DE1100826A59 /* LandmarkList.swift */ = {isa = PBXFileReference; lastKnownFileType = sourcecode.swift; path = LandmarkList.swift; sourceTree = "<group>"; };
		1837E54E2A36DFB400826A59 /* LandmarkDetail.swift */ = {isa = PBXFileReference; lastKnownFileType = sourcecode.swift; path = LandmarkDetail.swift; sourceTree = "<group>"; };
		1875E91B2A36F87200C50741 /* FavoriteButton.swift */ = {isa = PBXFileReference; lastKnownFileType = sourcecode.swift; path = FavoriteButton.swift; sourceTree = "<group>"; };
/* End PBXFileReference section */

/* Begin PBXFrameworksBuildPhase section */
		1837E50F2A36B09300826A59 /* Frameworks */ = {
			isa = PBXFrameworksBuildPhase;
			buildActionMask = 2147483647;
			files = (
			);
			runOnlyForDeploymentPostprocessing = 0;
		};
/* End PBXFrameworksBuildPhase section */

/* Begin PBXGroup section */
		1837E5092A36B09300826A59 = {
			isa = PBXGroup;
			children = (
				1837E5142A36B09300826A59 /* Landmarks */,
				1837E5132A36B09300826A59 /* Products */,
			);
			sourceTree = "<group>";
		};
		1837E5132A36B09300826A59 /* Products */ = {
			isa = PBXGroup;
			children = (
				1837E5122A36B09300826A59 /* Landmarks.app */,
			);
			name = Products;
			sourceTree = "<group>";
		};
		1837E5142A36B09300826A59 /* Landmarks */ = {
			isa = PBXGroup;
			children = (
				1837E51B2A36B09400826A59 /* Preview Content */,
				1837E5192A36B09400826A59 /* Assets.xcassets */,
				1837E5152A36B09300826A59 /* LandmarksApp.swift */,
				1837E5272A36D24800826A59 /* Resources */,
				1837E5482A36D77F00826A59 /* Views */,
				1837E5492A36D80700826A59 /* Model */,
			);
			path = Landmarks;
			sourceTree = "<group>";
		};
		1837E51B2A36B09400826A59 /* Preview Content */ = {
			isa = PBXGroup;
			children = (
				1837E51C2A36B09400826A59 /* Preview Assets.xcassets */,
			);
			path = "Preview Content";
			sourceTree = "<group>";
		};
		1837E5272A36D24800826A59 /* Resources */ = {
			isa = PBXGroup;
			children = (
				1837E5282A36D24800826A59 /* LICENSE */,
				1837E5362A36D24800826A59 /* landmarkData.json */,
			);
			path = Resources;
			sourceTree = "<group>";
		};
		1837E5282A36D24800826A59 /* LICENSE */ = {
			isa = PBXGroup;
			children = (
				1837E5292A36D24800826A59 /* LICENSE.txt */,
			);
			path = LICENSE;
			sourceTree = "<group>";
		};
		1837E5482A36D77F00826A59 /* Views */ = {
			isa = PBXGroup;
			children = (
				1837E5172A36B09300826A59 /* ContentView.swift */,
				1875E91E2A36F9AB00C50741 /* Helpers */,
				1875E91D2A36F99B00C50741 /* Landmarks */,
			);
			path = Views;
			sourceTree = "<group>";
		};
		1837E5492A36D80700826A59 /* Model */ = {
			isa = PBXGroup;
			children = (
				1837E5442A36D2EF00826A59 /* Landmark.swift */,
				1837E5462A36D48F00826A59 /* ModelData.swift */,
			);
			path = Model;
			sourceTree = "<group>";
		};
		1875E91D2A36F99B00C50741 /* Landmarks */ = {
			isa = PBXGroup;
			children = (
				1837E54A2A36D8A500826A59 /* LandmarkRow.swift */,
				1837E54C2A36DE1100826A59 /* LandmarkList.swift */,
				1837E54E2A36DFB400826A59 /* LandmarkDetail.swift */,
			);
			path = Landmarks;
			sourceTree = "<group>";
		};
		1875E91E2A36F9AB00C50741 /* Helpers */ = {
			isa = PBXGroup;
			children = (
				1837E5252A36CAD800826A59 /* MapView.swift */,
				1837E5232A36BA6300826A59 /* CircleImage.swift */,
				1875E91B2A36F87200C50741 /* FavoriteButton.swift */,
			);
			path = Helpers;
			sourceTree = "<group>";
		};
/* End PBXGroup section */

/* Begin PBXNativeTarget section */
		1837E5112A36B09300826A59 /* Landmarks */ = {
			isa = PBXNativeTarget;
			buildConfigurationList = 1837E5202A36B09400826A59 /* Build configuration list for PBXNativeTarget "Landmarks" */;
			buildPhases = (
				1837E50E2A36B09300826A59 /* Sources */,
				1837E50F2A36B09300826A59 /* Frameworks */,
				1837E5102A36B09300826A59 /* Resources */,
			);
			buildRules = (
			);
			dependencies = (
			);
			name = Landmarks;
			productName = Landmarks;
			productReference = 1837E5122A36B09300826A59 /* Landmarks.app */;
			productType = "com.apple.product-type.application";
		};
/* End PBXNativeTarget section */

/* Begin PBXProject section */
		1837E50A2A36B09300826A59 /* Project object */ = {
			isa = PBXProject;
			attributes = {
				BuildIndependentTargetsInParallel = 1;
				LastSwiftUpdateCheck = 1420;
				LastUpgradeCheck = 1420;
				TargetAttributes = {
					1837E5112A36B09300826A59 = {
						CreatedOnToolsVersion = 14.2;
					};
				};
			};
			buildConfigurationList = 1837E50D2A36B09300826A59 /* Build configuration list for PBXProject "Landmarks" */;
			compatibilityVersion = "Xcode 14.0";
			developmentRegion = en;
			hasScannedForEncodings = 0;
			knownRegions = (
				en,
				Base,
			);
			mainGroup = 1837E5092A36B09300826A59;
			productRefGroup = 1837E5132A36B09300826A59 /* Products */;
			projectDirPath = "";
			projectRoot = "";
			targets = (
				1837E5112A36B09300826A59 /* Landmarks */,
			);
		};
/* End PBXProject section */

/* Begin PBXResourcesBuildPhase section */
		1837E5102A36B09300826A59 /* Resources */ = {
			isa = PBXResourcesBuildPhase;
			buildActionMask = 2147483647;
			files = (
				1837E5372A36D24800826A59 /* LICENSE.txt in Resources */,
				1837E51D2A36B09400826A59 /* Preview Assets.xcassets in Resources */,
				1837E5432A36D24800826A59 /* landmarkData.json in Resources */,
				1837E51A2A36B09400826A59 /* Assets.xcassets in Resources */,
			);
			runOnlyForDeploymentPostprocessing = 0;
		};
/* End PBXResourcesBuildPhase section */

/* Begin PBXSourcesBuildPhase section */
		1837E50E2A36B09300826A59 /* Sources */ = {
			isa = PBXSourcesBuildPhase;
			buildActionMask = 2147483647;
			files = (
				1837E5182A36B09300826A59 /* ContentView.swift in Sources */,
				1837E5262A36CAD800826A59 /* MapView.swift in Sources */,
				1837E5162A36B09300826A59 /* LandmarksApp.swift in Sources */,
				1875E91C2A36F87200C50741 /* FavoriteButton.swift in Sources */,
				1837E54D2A36DE1100826A59 /* LandmarkList.swift in Sources */,
				1837E54F2A36DFB400826A59 /* LandmarkDetail.swift in Sources */,
				1837E5242A36BA6300826A59 /* CircleImage.swift in Sources */,
				1837E5452A36D2EF00826A59 /* Landmark.swift in Sources */,
				1837E54B2A36D8A500826A59 /* LandmarkRow.swift in Sources */,
				1837E5472A36D48F00826A59 /* ModelData.swift in Sources */,
			);
			runOnlyForDeploymentPostprocessing = 0;
		};
/* End PBXSourcesBuildPhase section */

/* Begin XCBuildConfiguration section */
		1837E51E2A36B09400826A59 /* Debug */ = {
			isa = XCBuildConfiguration;
			buildSettings = {
				ALWAYS_SEARCH_USER_PATHS = NO;
				CLANG_ANALYZER_NONNULL = YES;
				CLANG_ANALYZER_NUMBER_OBJECT_CONVERSION = YES_AGGRESSIVE;
				CLANG_CXX_LANGUAGE_STANDARD = "gnu++20";
				CLANG_ENABLE_MODULES = YES;
				CLANG_ENABLE_OBJC_ARC = YES;
				CLANG_ENABLE_OBJC_WEAK = YES;
				CLANG_WARN_BLOCK_CAPTURE_AUTORELEASING = YES;
				CLANG_WARN_BOOL_CONVERSION = YES;
				CLANG_WARN_COMMA = YES;
				CLANG_WARN_CONSTANT_CONVERSION = YES;
				CLANG_WARN_DEPRECATED_OBJC_IMPLEMENTATIONS = YES;
				CLANG_WARN_DIRECT_OBJC_ISA_USAGE = YES_ERROR;
				CLANG_WARN_DOCUMENTATION_COMMENTS = YES;
				CLANG_WARN_EMPTY_BODY = YES;
				CLANG_WARN_ENUM_CONVERSION = YES;
				CLANG_WARN_INFINITE_RECURSION = YES;
				CLANG_WARN_INT_CONVERSION = YES;
				CLANG_WARN_NON_LITERAL_NULL_CONVERSION = YES;
				CLANG_WARN_OBJC_IMPLICIT_RETAIN_SELF = YES;
				CLANG_WARN_OBJC_LITERAL_CONVERSION = YES;
				CLANG_WARN_OBJC_ROOT_CLASS = YES_ERROR;
				CLANG_WARN_QUOTED_INCLUDE_IN_FRAMEWORK_HEADER = YES;
				CLANG_WARN_RANGE_LOOP_ANALYSIS = YES;
				CLANG_WARN_STRICT_PROTOTYPES = YES;
				CLANG_WARN_SUSPICIOUS_MOVE = YES;
				CLANG_WARN_UNGUARDED_AVAILABILITY = YES_AGGRESSIVE;
				CLANG_WARN_UNREACHABLE_CODE = YES;
				CLANG_WARN__DUPLICATE_METHOD_MATCH = YES;
				COPY_PHASE_STRIP = NO;
				DEBUG_INFORMATION_FORMAT = dwarf;
				ENABLE_STRICT_OBJC_MSGSEND = YES;
				ENABLE_TESTABILITY = YES;
				GCC_C_LANGUAGE_STANDARD = gnu11;
				GCC_DYNAMIC_NO_PIC = NO;
				GCC_NO_COMMON_BLOCKS = YES;
				GCC_OPTIMIZATION_LEVEL = 0;
				GCC_PREPROCESSOR_DEFINITIONS = (
					"DEBUG=1",
					"$(inherited)",
				);
				GCC_WARN_64_TO_32_BIT_CONVERSION = YES;
				GCC_WARN_ABOUT_RETURN_TYPE = YES_ERROR;
				GCC_WARN_UNDECLARED_SELECTOR = YES;
				GCC_WARN_UNINITIALIZED_AUTOS = YES_AGGRESSIVE;
				GCC_WARN_UNUSED_FUNCTION = YES;
				GCC_WARN_UNUSED_VARIABLE = YES;
				IPHONEOS_DEPLOYMENT_TARGET = 16.2;
				MTL_ENABLE_DEBUG_INFO = INCLUDE_SOURCE;
				MTL_FAST_MATH = YES;
				ONLY_ACTIVE_ARCH = YES;
				SDKROOT = iphoneos;
				SWIFT_ACTIVE_COMPILATION_CONDITIONS = DEBUG;
				SWIFT_OPTIMIZATION_LEVEL = "-Onone";
			};
			name = Debug;
		};
		1837E51F2A36B09400826A59 /* Release */ = {
			isa = XCBuildConfiguration;
			buildSettings = {
				ALWAYS_SEARCH_USER_PATHS = NO;
				CLANG_ANALYZER_NONNULL = YES;
				CLANG_ANALYZER_NUMBER_OBJECT_CONVERSION = YES_AGGRESSIVE;
				CLANG_CXX_LANGUAGE_STANDARD = "gnu++20";
				CLANG_ENABLE_MODULES = YES;
				CLANG_ENABLE_OBJC_ARC = YES;
				CLANG_ENABLE_OBJC_WEAK = YES;
				CLANG_WARN_BLOCK_CAPTURE_AUTORELEASING = YES;
				CLANG_WARN_BOOL_CONVERSION = YES;
				CLANG_WARN_COMMA = YES;
				CLANG_WARN_CONSTANT_CONVERSION = YES;
				CLANG_WARN_DEPRECATED_OBJC_IMPLEMENTATIONS = YES;
				CLANG_WARN_DIRECT_OBJC_ISA_USAGE = YES_ERROR;
				CLANG_WARN_DOCUMENTATION_COMMENTS = YES;
				CLANG_WARN_EMPTY_BODY = YES;
				CLANG_WARN_ENUM_CONVERSION = YES;
				CLANG_WARN_INFINITE_RECURSION = YES;
				CLANG_WARN_INT_CONVERSION = YES;
				CLANG_WARN_NON_LITERAL_NULL_CONVERSION = YES;
				CLANG_WARN_OBJC_IMPLICIT_RETAIN_SELF = YES;
				CLANG_WARN_OBJC_LITERAL_CONVERSION = YES;
				CLANG_WARN_OBJC_ROOT_CLASS = YES_ERROR;
				CLANG_WARN_QUOTED_INCLUDE_IN_FRAMEWORK_HEADER = YES;
				CLANG_WARN_RANGE_LOOP_ANALYSIS = YES;
				CLANG_WARN_STRICT_PROTOTYPES = YES;
				CLANG_WARN_SUSPICIOUS_MOVE = YES;
				CLANG_WARN_UNGUARDED_AVAILABILITY = YES_AGGRESSIVE;
				CLANG_WARN_UNREACHABLE_CODE = YES;
				CLANG_WARN__DUPLICATE_METHOD_MATCH = YES;
				COPY_PHASE_STRIP = NO;
				DEBUG_INFORMATION_FORMAT = "dwarf-with-dsym";
				ENABLE_NS_ASSERTIONS = NO;
				ENABLE_STRICT_OBJC_MSGSEND = YES;
				GCC_C_LANGUAGE_STANDARD = gnu11;
				GCC_NO_COMMON_BLOCKS = YES;
				GCC_WARN_64_TO_32_BIT_CONVERSION = YES;
				GCC_WARN_ABOUT_RETURN_TYPE = YES_ERROR;
				GCC_WARN_UNDECLARED_SELECTOR = YES;
				GCC_WARN_UNINITIALIZED_AUTOS = YES_AGGRESSIVE;
				GCC_WARN_UNUSED_FUNCTION = YES;
				GCC_WARN_UNUSED_VARIABLE = YES;
				IPHONEOS_DEPLOYMENT_TARGET = 16.2;
				MTL_ENABLE_DEBUG_INFO = NO;
				MTL_FAST_MATH = YES;
				SDKROOT = iphoneos;
				SWIFT_COMPILATION_MODE = wholemodule;
				SWIFT_OPTIMIZATION_LEVEL = "-O";
				VALIDATE_PRODUCT = YES;
			};
			name = Release;
		};
		1837E5212A36B09400826A59 /* Debug */ = {
			isa = XCBuildConfiguration;
			buildSettings = {
				ASSETCATALOG_COMPILER_APPICON_NAME = AppIcon;
				ASSETCATALOG_COMPILER_GLOBAL_ACCENT_COLOR_NAME = AccentColor;
				CODE_SIGN_STYLE = Automatic;
				CURRENT_PROJECT_VERSION = 1;
				DEVELOPMENT_ASSET_PATHS = "\"Landmarks/Preview Content\"";
				DEVELOPMENT_TEAM = 3QTJ8C3UN8;
				ENABLE_PREVIEWS = YES;
				GENERATE_INFOPLIST_FILE = YES;
				INFOPLIST_KEY_UIApplicationSceneManifest_Generation = YES;
				INFOPLIST_KEY_UIApplicationSupportsIndirectInputEvents = YES;
				INFOPLIST_KEY_UILaunchScreen_Generation = YES;
				INFOPLIST_KEY_UISupportedInterfaceOrientations_iPad = "UIInterfaceOrientationPortrait UIInterfaceOrientationPortraitUpsideDown UIInterfaceOrientationLandscapeLeft UIInterfaceOrientationLandscapeRight";
				INFOPLIST_KEY_UISupportedInterfaceOrientations_iPhone = "UIInterfaceOrientationPortrait UIInterfaceOrientationLandscapeLeft UIInterfaceOrientationLandscapeRight";
				LD_RUNPATH_SEARCH_PATHS = (
					"$(inherited)",
					"@executable_path/Frameworks",
				);
				MARKETING_VERSION = 1.0;
				PRODUCT_BUNDLE_IDENTIFIER = kr.dy.Landmarks;
				PRODUCT_NAME = "$(TARGET_NAME)";
				SWIFT_EMIT_LOC_STRINGS = YES;
				SWIFT_VERSION = 5.0;
				TARGETED_DEVICE_FAMILY = "1,2";
			};
			name = Debug;
		};
		1837E5222A36B09400826A59 /* Release */ = {
			isa = XCBuildConfiguration;
			buildSettings = {
				ASSETCATALOG_COMPILER_APPICON_NAME = AppIcon;
				ASSETCATALOG_COMPILER_GLOBAL_ACCENT_COLOR_NAME = AccentColor;
				CODE_SIGN_STYLE = Automatic;
				CURRENT_PROJECT_VERSION = 1;
				DEVELOPMENT_ASSET_PATHS = "\"Landmarks/Preview Content\"";
				DEVELOPMENT_TEAM = 3QTJ8C3UN8;
				ENABLE_PREVIEWS = YES;
				GENERATE_INFOPLIST_FILE = YES;
				INFOPLIST_KEY_UIApplicationSceneManifest_Generation = YES;
				INFOPLIST_KEY_UIApplicationSupportsIndirectInputEvents = YES;
				INFOPLIST_KEY_UILaunchScreen_Generation = YES;
				INFOPLIST_KEY_UISupportedInterfaceOrientations_iPad = "UIInterfaceOrientationPortrait UIInterfaceOrientationPortraitUpsideDown UIInterfaceOrientationLandscapeLeft UIInterfaceOrientationLandscapeRight";
				INFOPLIST_KEY_UISupportedInterfaceOrientations_iPhone = "UIInterfaceOrientationPortrait UIInterfaceOrientationLandscapeLeft UIInterfaceOrientationLandscapeRight";
				LD_RUNPATH_SEARCH_PATHS = (
					"$(inherited)",
					"@executable_path/Frameworks",
				);
				MARKETING_VERSION = 1.0;
				PRODUCT_BUNDLE_IDENTIFIER = kr.dy.Landmarks;
				PRODUCT_NAME = "$(TARGET_NAME)";
				SWIFT_EMIT_LOC_STRINGS = YES;
				SWIFT_VERSION = 5.0;
				TARGETED_DEVICE_FAMILY = "1,2";
			};
			name = Release;
		};
/* End XCBuildConfiguration section */

/* Begin XCConfigurationList section */
		1837E50D2A36B09300826A59 /* Build configuration list for PBXProject "Landmarks" */ = {
			isa = XCConfigurationList;
			buildConfigurations = (
				1837E51E2A36B09400826A59 /* Debug */,
				1837E51F2A36B09400826A59 /* Release */,
			);
			defaultConfigurationIsVisible = 0;
			defaultConfigurationName = Release;
		};
		1837E5202A36B09400826A59 /* Build configuration list for PBXNativeTarget "Landmarks" */ = {
			isa = XCConfigurationList;
			buildConfigurations = (
				1837E5212A36B09400826A59 /* Debug */,
				1837E5222A36B09400826A59 /* Release */,
			);
			defaultConfigurationIsVisible = 0;
			defaultConfigurationName = Release;
		};
/* End XCConfigurationList section */
	};
	rootObject = 1837E50A2A36B09300826A59 /* Project object */;
}
